
Microsoft Visual Studio Solution File, Format Version 12.00
# Visual Studio Version 17
VisualStudioVersion = 17.13.35919.96 d17.13
MinimumVisualStudioVersion = 10.0.40219.1
Project("{FAE04EC0-301F-11D3-BF4B-00C04F79EFBC}") = "Website Creator", "Website Creator.csproj", "{3C3DB554-9569-4FDD-B857-3C5ABC662629}"
EndProject
Global
	GlobalSection(SolutionConfigurationPlatforms) = preSolution
		Debug|Any CPU = Debug|Any CPU
		Release|Any CPU = Release|Any CPU
	EndGlobalSection
	GlobalSection(ProjectConfigurationPlatforms) = postSolution
		{3C3DB554-9569-4FDD-B857-3C5ABC662629}.Debug|Any CPU.ActiveCfg = Debug|Any CPU
		{3C3DB554-9569-4FDD-B857-3C5ABC662629}.Debug|Any CPU.Build.0 = Debug|Any CPU
		{3C3DB554-9569-4FDD-B857-3C5ABC662629}.Release|Any CPU.ActiveCfg = Release|Any CPU
		{3C3DB554-9569-4FDD-B857-3C5ABC662629}.Release|Any CPU.Build.0 = Release|Any CPU
	EndGlobalSection
	GlobalSection(SolutionProperties) = preSolution
		HideSolutionNode = FALSE
	EndGlobalSection
	GlobalSection(ExtensibilityGlobals) = postSolution
		SolutionGuid = {0D781D1F-98B1-4243-8A97-191A1BACBF76}
	EndGlobalSection
EndGlobal
